
Microsoft Visual Studio Solution File, Format Version 12.00
# Visual Studio Version 17
VisualStudioVersion = 17.0.31903.59
MinimumVisualStudioVersion = 10.0.40219.1
Project("{2150E333-8FDC-42A3-9474-1A3956D46DE8}") = "basket-microservice", "basket-microservice", "{46AE01E6-033D-69C9-4D9C-04F9C5D71ABE}"
EndProject
Project("{FAE04EC0-301F-11D3-BF4B-00C04F79EFBC}") = "Basket.Service", "basket-microservice\Basket.Service\Basket.Service.csproj", "{314870CC-1071-4FA5-A409-FA5E836250F4}"
EndProject
Project("{2150E333-8FDC-42A3-9474-1A3956D46DE8}") = "order-microservice", "order-microservice", "{0197667C-3A03-5830-C4DA-9DD475DA572F}"
EndProject
Project("{FAE04EC0-301F-11D3-BF4B-00C04F79EFBC}") = "Order.Service", "order-microservice\Order.Service\Order.Service.csproj", "{1712B61C-48C3-412A-A30A-721CEDE1456D}"
EndProject
Project("{2150E333-8FDC-42A3-9474-1A3956D46DE8}") = "shared-libs", "shared-libs", "{3C2A4E42-05F2-AAB8-5640-BE8C77281074}"
EndProject
Project("{FAE04EC0-301F-11D3-BF4B-00C04F79EFBC}") = "ECommerce.Shared", "shared-libs\ECommerce.Shared\ECommerce.Shared.csproj", "{1C512549-D58A-45D3-A56B-D4AB6B7C2377}"
EndProject
Project("{2150E333-8FDC-42A3-9474-1A3956D46DE8}") = "product-microservice", "product-microservice", "{5B56F2D1-59CE-4017-86D6-98E09AAF838E}"
EndProject
Project("{FAE04EC0-301F-11D3-BF4B-00C04F79EFBC}") = "Product.Service", "product-microservice\Product.Service\Product.Service.csproj", "{CBE2CEAF-DE53-47E0-BD24-AFA67C9883D1}"
EndProject
Project("{FAE04EC0-301F-11D3-BF4B-00C04F79EFBC}") = "Basket.Tests", "basket-microservice\Basket.Tests\Basket.Tests.csproj", "{4D17EBD9-CF78-4EF6-96DD-7922C4FA3F50}"
EndProject
Project("{FAE04EC0-301F-11D3-BF4B-00C04F79EFBC}") = "Order.Tests", "order-microservice\Order.Test\Order.Tests.csproj", "{F48C1CA1-A4BC-4F26-9EAF-C256D1261E8A}"
EndProject
Project("{2150E333-8FDC-42A3-9474-1A3956D46DE8}") = "auth-microservice", "auth-microservice", "{DB31F0D3-388F-E386-A298-1B7F111685FE}"
EndProject
Project("{FAE04EC0-301F-11D3-BF4B-00C04F79EFBC}") = "Auth.Service", "auth-microservice\Auth.Service\Auth.Service.csproj", "{08E2A906-E62A-421D-B493-EB4A879F7CE9}"
EndProject
Global
	GlobalSection(SolutionConfigurationPlatforms) = preSolution
		Debug|Any CPU = Debug|Any CPU
		Debug|x64 = Debug|x64
		Debug|x86 = Debug|x86
		Release|Any CPU = Release|Any CPU
		Release|x64 = Release|x64
		Release|x86 = Release|x86
	EndGlobalSection
	GlobalSection(ProjectConfigurationPlatforms) = postSolution
		{314870CC-1071-4FA5-A409-FA5E836250F4}.Debug|Any CPU.ActiveCfg = Debug|Any CPU
		{314870CC-1071-4FA5-A409-FA5E836250F4}.Debug|Any CPU.Build.0 = Debug|Any CPU
		{314870CC-1071-4FA5-A409-FA5E836250F4}.Debug|x64.ActiveCfg = Debug|Any CPU
		{314870CC-1071-4FA5-A409-FA5E836250F4}.Debug|x64.Build.0 = Debug|Any CPU
		{314870CC-1071-4FA5-A409-FA5E836250F4}.Debug|x86.ActiveCfg = Debug|Any CPU
		{314870CC-1071-4FA5-A409-FA5E836250F4}.Debug|x86.Build.0 = Debug|Any CPU
		{314870CC-1071-4FA5-A409-FA5E836250F4}.Release|Any CPU.ActiveCfg = Release|Any CPU
		{314870CC-1071-4FA5-A409-FA5E836250F4}.Release|Any CPU.Build.0 = Release|Any CPU
		{314870CC-1071-4FA5-A409-FA5E836250F4}.Release|x64.ActiveCfg = Release|Any CPU
		{314870CC-1071-4FA5-A409-FA5E836250F4}.Release|x64.Build.0 = Release|Any CPU
		{314870CC-1071-4FA5-A409-FA5E836250F4}.Release|x86.ActiveCfg = Release|Any CPU
		{314870CC-1071-4FA5-A409-FA5E836250F4}.Release|x86.Build.0 = Release|Any CPU
		{1712B61C-48C3-412A-A30A-721CEDE1456D}.Debug|Any CPU.ActiveCfg = Debug|Any CPU
		{1712B61C-48C3-412A-A30A-721CEDE1456D}.Debug|Any CPU.Build.0 = Debug|Any CPU
		{1712B61C-48C3-412A-A30A-721CEDE1456D}.Debug|x64.ActiveCfg = Debug|Any CPU
		{1712B61C-48C3-412A-A30A-721CEDE1456D}.Debug|x64.Build.0 = Debug|Any CPU
		{1712B61C-48C3-412A-A30A-721CEDE1456D}.Debug|x86.ActiveCfg = Debug|Any CPU
		{1712B61C-48C3-412A-A30A-721CEDE1456D}.Debug|x86.Build.0 = Debug|Any CPU
		{1712B61C-48C3-412A-A30A-721CEDE1456D}.Release|Any CPU.ActiveCfg = Release|Any CPU
		{1712B61C-48C3-412A-A30A-721CEDE1456D}.Release|Any CPU.Build.0 = Release|Any CPU
		{1712B61C-48C3-412A-A30A-721CEDE1456D}.Release|x64.ActiveCfg = Release|Any CPU
		{1712B61C-48C3-412A-A30A-721CEDE1456D}.Release|x64.Build.0 = Release|Any CPU
		{1712B61C-48C3-412A-A30A-721CEDE1456D}.Release|x86.ActiveCfg = Release|Any CPU
		{1712B61C-48C3-412A-A30A-721CEDE1456D}.Release|x86.Build.0 = Release|Any CPU
		{1C512549-D58A-45D3-A56B-D4AB6B7C2377}.Debug|Any CPU.ActiveCfg = Debug|Any CPU
		{1C512549-D58A-45D3-A56B-D4AB6B7C2377}.Debug|Any CPU.Build.0 = Debug|Any CPU
		{1C512549-D58A-45D3-A56B-D4AB6B7C2377}.Debug|x64.ActiveCfg = Debug|Any CPU
		{1C512549-D58A-45D3-A56B-D4AB6B7C2377}.Debug|x64.Build.0 = Debug|Any CPU
		{1C512549-D58A-45D3-A56B-D4AB6B7C2377}.Debug|x86.ActiveCfg = Debug|Any CPU
		{1C512549-D58A-45D3-A56B-D4AB6B7C2377}.Debug|x86.Build.0 = Debug|Any CPU
		{1C512549-D58A-45D3-A56B-D4AB6B7C2377}.Release|Any CPU.ActiveCfg = Release|Any CPU
		{1C512549-D58A-45D3-A56B-D4AB6B7C2377}.Release|Any CPU.Build.0 = Release|Any CPU
		{1C512549-D58A-45D3-A56B-D4AB6B7C2377}.Release|x64.ActiveCfg = Release|Any CPU
		{1C512549-D58A-45D3-A56B-D4AB6B7C2377}.Release|x64.Build.0 = Release|Any CPU
		{1C512549-D58A-45D3-A56B-D4AB6B7C2377}.Release|x86.ActiveCfg = Release|Any CPU
		{1C512549-D58A-45D3-A56B-D4AB6B7C2377}.Release|x86.Build.0 = Release|Any CPU
		{CBE2CEAF-DE53-47E0-BD24-AFA67C9883D1}.Debug|Any CPU.ActiveCfg = Debug|Any CPU
		{CBE2CEAF-DE53-47E0-BD24-AFA67C9883D1}.Debug|Any CPU.Build.0 = Debug|Any CPU
		{CBE2CEAF-DE53-47E0-BD24-AFA67C9883D1}.Debug|x64.ActiveCfg = Debug|Any CPU
		{CBE2CEAF-DE53-47E0-BD24-AFA67C9883D1}.Debug|x64.Build.0 = Debug|Any CPU
		{CBE2CEAF-DE53-47E0-BD24-AFA67C9883D1}.Debug|x86.ActiveCfg = Debug|Any CPU
		{CBE2CEAF-DE53-47E0-BD24-AFA67C9883D1}.Debug|x86.Build.0 = Debug|Any CPU
		{CBE2CEAF-DE53-47E0-BD24-AFA67C9883D1}.Release|Any CPU.ActiveCfg = Release|Any CPU
		{CBE2CEAF-DE53-47E0-BD24-AFA67C9883D1}.Release|Any CPU.Build.0 = Release|Any CPU
		{CBE2CEAF-DE53-47E0-BD24-AFA67C9883D1}.Release|x64.ActiveCfg = Release|Any CPU
		{CBE2CEAF-DE53-47E0-BD24-AFA67C9883D1}.Release|x64.Build.0 = Release|Any CPU
		{CBE2CEAF-DE53-47E0-BD24-AFA67C9883D1}.Release|x86.ActiveCfg = Release|Any CPU
		{CBE2CEAF-DE53-47E0-BD24-AFA67C9883D1}.Release|x86.Build.0 = Release|Any CPU
		{4D17EBD9-CF78-4EF6-96DD-7922C4FA3F50}.Debug|Any CPU.ActiveCfg = Debug|Any CPU
		{4D17EBD9-CF78-4EF6-96DD-7922C4FA3F50}.Debug|Any CPU.Build.0 = Debug|Any CPU
		{4D17EBD9-CF78-4EF6-96DD-7922C4FA3F50}.Debug|x64.ActiveCfg = Debug|Any CPU
		{4D17EBD9-CF78-4EF6-96DD-7922C4FA3F50}.Debug|x64.Build.0 = Debug|Any CPU
		{4D17EBD9-CF78-4EF6-96DD-7922C4FA3F50}.Debug|x86.ActiveCfg = Debug|Any CPU
		{4D17EBD9-CF78-4EF6-96DD-7922C4FA3F50}.Debug|x86.Build.0 = Debug|Any CPU
		{4D17EBD9-CF78-4EF6-96DD-7922C4FA3F50}.Release|Any CPU.ActiveCfg = Release|Any CPU
		{4D17EBD9-CF78-4EF6-96DD-7922C4FA3F50}.Release|Any CPU.Build.0 = Release|Any CPU
		{4D17EBD9-CF78-4EF6-96DD-7922C4FA3F50}.Release|x64.ActiveCfg = Release|Any CPU
		{4D17EBD9-CF78-4EF6-96DD-7922C4FA3F50}.Release|x64.Build.0 = Release|Any CPU
		{4D17EBD9-CF78-4EF6-96DD-7922C4FA3F50}.Release|x86.ActiveCfg = Release|Any CPU
		{4D17EBD9-CF78-4EF6-96DD-7922C4FA3F50}.Release|x86.Build.0 = Release|Any CPU
		{F48C1CA1-A4BC-4F26-9EAF-C256D1261E8A}.Debug|Any CPU.ActiveCfg = Debug|Any CPU
		{F48C1CA1-A4BC-4F26-9EAF-C256D1261E8A}.Debug|Any CPU.Build.0 = Debug|Any CPU
		{F48C1CA1-A4BC-4F26-9EAF-C256D1261E8A}.Debug|x64.ActiveCfg = Debug|Any CPU
		{F48C1CA1-A4BC-4F26-9EAF-C256D1261E8A}.Debug|x64.Build.0 = Debug|Any CPU
		{F48C1CA1-A4BC-4F26-9EAF-C256D1261E8A}.Debug|x86.ActiveCfg = Debug|Any CPU
		{F48C1CA1-A4BC-4F26-9EAF-C256D1261E8A}.Debug|x86.Build.0 = Debug|Any CPU
		{F48C1CA1-A4BC-4F26-9EAF-C256D1261E8A}.Release|Any CPU.ActiveCfg = Release|Any CPU
		{F48C1CA1-A4BC-4F26-9EAF-C256D1261E8A}.Release|Any CPU.Build.0 = Release|Any CPU
		{F48C1CA1-A4BC-4F26-9EAF-C256D1261E8A}.Release|x64.ActiveCfg = Release|Any CPU
		{F48C1CA1-A4BC-4F26-9EAF-C256D1261E8A}.Release|x64.Build.0 = Release|Any CPU
		{F48C1CA1-A4BC-4F26-9EAF-C256D1261E8A}.Release|x86.ActiveCfg = Release|Any CPU
		{F48C1CA1-A4BC-4F26-9EAF-C256D1261E8A}.Release|x86.Build.0 = Release|Any CPU
		{08E2A906-E62A-421D-B493-EB4A879F7CE9}.Debug|Any CPU.ActiveCfg = Debug|Any CPU
		{08E2A906-E62A-421D-B493-EB4A879F7CE9}.Debug|Any CPU.Build.0 = Debug|Any CPU
		{08E2A906-E62A-421D-B493-EB4A879F7CE9}.Debug|x64.ActiveCfg = Debug|Any CPU
		{08E2A906-E62A-421D-B493-EB4A879F7CE9}.Debug|x64.Build.0 = Debug|Any CPU
		{08E2A906-E62A-421D-B493-EB4A879F7CE9}.Debug|x86.ActiveCfg = Debug|Any CPU
		{08E2A906-E62A-421D-B493-EB4A879F7CE9}.Debug|x86.Build.0 = Debug|Any CPU
		{08E2A906-E62A-421D-B493-EB4A879F7CE9}.Release|Any CPU.ActiveCfg = Release|Any CPU
		{08E2A906-E62A-421D-B493-EB4A879F7CE9}.Release|Any CPU.Build.0 = Release|Any CPU
		{08E2A906-E62A-421D-B493-EB4A879F7CE9}.Release|x64.ActiveCfg = Release|Any CPU
		{08E2A906-E62A-421D-B493-EB4A879F7CE9}.Release|x64.Build.0 = Release|Any CPU
		{08E2A906-E62A-421D-B493-EB4A879F7CE9}.Release|x86.ActiveCfg = Release|Any CPU
		{08E2A906-E62A-421D-B493-EB4A879F7CE9}.Release|x86.Build.0 = Release|Any CPU
	EndGlobalSection
	GlobalSection(SolutionProperties) = preSolution
		HideSolutionNode = FALSE
	EndGlobalSection
	GlobalSection(NestedProjects) = preSolution
		{314870CC-1071-4FA5-A409-FA5E836250F4} = {46AE01E6-033D-69C9-4D9C-04F9C5D71ABE}
		{1712B61C-48C3-412A-A30A-721CEDE1456D} = {0197667C-3A03-5830-C4DA-9DD475DA572F}
		{1C512549-D58A-45D3-A56B-D4AB6B7C2377} = {3C2A4E42-05F2-AAB8-5640-BE8C77281074}
		{CBE2CEAF-DE53-47E0-BD24-AFA67C9883D1} = {5B56F2D1-59CE-4017-86D6-98E09AAF838E}
		{4D17EBD9-CF78-4EF6-96DD-7922C4FA3F50} = {46AE01E6-033D-69C9-4D9C-04F9C5D71ABE}
		{F48C1CA1-A4BC-4F26-9EAF-C256D1261E8A} = {0197667C-3A03-5830-C4DA-9DD475DA572F}
		{08E2A906-E62A-421D-B493-EB4A879F7CE9} = {DB31F0D3-388F-E386-A298-1B7F111685FE}
	EndGlobalSection
EndGlobal
